
Microsoft Visual Studio Solution File, Format Version 12.00
# Visual Studio 15
VisualStudioVersion = 15.0.27703.2000
MinimumVisualStudioVersion = 10.0.40219.1
Project("{8BC9CEB8-8B4A-11D0-8D11-00A0C91BC942}") = "Back-End Technical Test", "Back-End Technical Test\Back-End Technical Test.vcxproj", "{3DB42904-4084-4FEA-8545-45CA80200C3F}"
EndProject
Global
	GlobalSection(SolutionConfigurationPlatforms) = preSolution
		Debug|x64 = Debug|x64
		Debug|x86 = Debug|x86
		Release|x64 = Release|x64
		Release|x86 = Release|x86
	EndGlobalSection
	GlobalSection(ProjectConfigurationPlatforms) = postSolution
		{3DB42904-4084-4FEA-8545-45CA80200C3F}.Debug|x64.ActiveCfg = Debug|x64
		{3DB42904-4084-4FEA-8545-45CA80200C3F}.Debug|x64.Build.0 = Debug|x64
		{3DB42904-4084-4FEA-8545-45CA80200C3F}.Debug|x86.ActiveCfg = Debug|Win32
		{3DB42904-4084-4FEA-8545-45CA80200C3F}.Debug|x86.Build.0 = Debug|Win32
		{3DB42904-4084-4FEA-8545-45CA80200C3F}.Release|x64.ActiveCfg = Release|x64
		{3DB42904-4084-4FEA-8545-45CA80200C3F}.Release|x64.Build.0 = Release|x64
		{3DB42904-4084-4FEA-8545-45CA80200C3F}.Release|x86.ActiveCfg = Release|Win32
		{3DB42904-4084-4FEA-8545-45CA80200C3F}.Release|x86.Build.0 = Release|Win32
	EndGlobalSection
	GlobalSection(SolutionProperties) = preSolution
		HideSolutionNode = FALSE
	EndGlobalSection
	GlobalSection(ExtensibilityGlobals) = postSolution
		SolutionGuid = {DAFD9B7E-A460-47F4-8879-AD8DA38DCA5B}
	EndGlobalSection
EndGlobal
